
Microsoft Visual Studio Solution File, Format Version 12.00
# Visual Studio Version 17
VisualStudioVersion = 17.0.31903.59
MinimumVisualStudioVersion = 10.0.40219.1
Project("{2150E333-8FDC-42A3-9474-1A3956D46DE8}") = "src", "src", "{01BD9300-D7E9-4002-A03F-65C5D5A64C9F}"
EndProject
Project("{FAE04EC0-301F-11D3-BF4B-00C04F79EFBC}") = "Softoverse.CqrsKit", "src\Softoverse.CqrsKit\Softoverse.CqrsKit.csproj", "{A123F358-AE35-4937-9B32-D134C8E83E4C}"
EndProject
Project("{FAE04EC0-301F-11D3-BF4B-00C04F79EFBC}") = "Softoverse.CqrsKit.Abstraction", "src\Softoverse.CqrsKit.Abstraction\Softoverse.CqrsKit.Abstraction.csproj", "{41DCA269-2C19-45AE-9959-F9A8CCCA815E}"
EndProject
Project("{FAE04EC0-301F-11D3-BF4B-00C04F79EFBC}") = "Softoverse.CqrsKit.Model", "src\Softoverse.CqrsKit.Model\Softoverse.CqrsKit.Model.csproj", "{03AFF348-3973-4E34-8F2C-D8B751D3B6C6}"
EndProject
Project("{2150E333-8FDC-42A3-9474-1A3956D46DE8}") = "Solution Items", "Solution Items", "{E16DA8A1-981B-410B-96EC-504BBAED5821}"
	ProjectSection(SolutionItems) = preProject
		.editorconfig = .editorconfig
		.gitattributes = .gitattributes
		.gitignore = .gitignore
		README.md = README.md
	EndProjectSection
EndProject
Project("{2150E333-8FDC-42A3-9474-1A3956D46DE8}") = "tests", "tests", "{180E089A-BCBC-407F-8043-4453D54490F1}"
EndProject
Project("{2150E333-8FDC-42A3-9474-1A3956D46DE8}") = "console", "console", "{0D39187F-AA66-491C-AF82-295D9AD4F790}"
EndProject
Project("{FAE04EC0-301F-11D3-BF4B-00C04F79EFBC}") = "Softoverse.CqrsKit.TestConsole", "tests\console\Softoverse.CqrsKit.TestConsole\Softoverse.CqrsKit.TestConsole.csproj", "{5327FDCF-04DC-4469-AB14-49A0D8633F41}"
EndProject
Project("{2150E333-8FDC-42A3-9474-1A3956D46DE8}") = "web", "web", "{2E0BB830-6744-40C2-B69C-2A95FE060AE6}"
EndProject
Project("{FAE04EC0-301F-11D3-BF4B-00C04F79EFBC}") = "Softoverse.CqrsKit.WebApi", "tests\web\Softoverse.CqrsKit.WebApi\Softoverse.CqrsKit.WebApi.csproj", "{E18F74DE-AE2B-451D-8FF6-B93876D8AABB}"
EndProject
Project("{FAE04EC0-301F-11D3-BF4B-00C04F79EFBC}") = "Softoverse.CqrsKit.WebApi.ClassModule", "tests\web\Softoverse.CqrsKit.WebApi.ClassModule\Softoverse.CqrsKit.WebApi.ClassModule.csproj", "{DFF36EE6-7EC1-4E73-B791-05E935A25EFB}"
EndProject
Project("{FAE04EC0-301F-11D3-BF4B-00C04F79EFBC}") = "Softoverse.CqrsKit.WebApi.DataAccess", "tests\web\Softoverse.CqrsKit.WebApi.DataAccess\Softoverse.CqrsKit.WebApi.DataAccess.csproj", "{893A140F-D071-4C6E-9443-E7FB778FC6ED}"
EndProject
Project("{FAE04EC0-301F-11D3-BF4B-00C04F79EFBC}") = "Softoverse.CqrsKit.WebApi.Models", "tests\web\Softoverse.CqrsKit.WebApi.Models\Softoverse.CqrsKit.WebApi.Models.csproj", "{A213F70D-DD46-4AF2-AAD1-3FCD19A17BC6}"
EndProject
Global
	GlobalSection(SolutionConfigurationPlatforms) = preSolution
		Debug|Any CPU = Debug|Any CPU
		Release|Any CPU = Release|Any CPU
	EndGlobalSection
	GlobalSection(SolutionProperties) = preSolution
		HideSolutionNode = FALSE
	EndGlobalSection
	GlobalSection(ProjectConfigurationPlatforms) = postSolution
		{A123F358-AE35-4937-9B32-D134C8E83E4C}.Debug|Any CPU.ActiveCfg = Debug|Any CPU
		{A123F358-AE35-4937-9B32-D134C8E83E4C}.Debug|Any CPU.Build.0 = Debug|Any CPU
		{A123F358-AE35-4937-9B32-D134C8E83E4C}.Release|Any CPU.ActiveCfg = Release|Any CPU
		{A123F358-AE35-4937-9B32-D134C8E83E4C}.Release|Any CPU.Build.0 = Release|Any CPU
		{41DCA269-2C19-45AE-9959-F9A8CCCA815E}.Debug|Any CPU.ActiveCfg = Debug|Any CPU
		{41DCA269-2C19-45AE-9959-F9A8CCCA815E}.Debug|Any CPU.Build.0 = Debug|Any CPU
		{41DCA269-2C19-45AE-9959-F9A8CCCA815E}.Release|Any CPU.ActiveCfg = Release|Any CPU
		{41DCA269-2C19-45AE-9959-F9A8CCCA815E}.Release|Any CPU.Build.0 = Release|Any CPU
		{03AFF348-3973-4E34-8F2C-D8B751D3B6C6}.Debug|Any CPU.ActiveCfg = Debug|Any CPU
		{03AFF348-3973-4E34-8F2C-D8B751D3B6C6}.Debug|Any CPU.Build.0 = Debug|Any CPU
		{03AFF348-3973-4E34-8F2C-D8B751D3B6C6}.Release|Any CPU.ActiveCfg = Release|Any CPU
		{03AFF348-3973-4E34-8F2C-D8B751D3B6C6}.Release|Any CPU.Build.0 = Release|Any CPU
		{E5AE552D-6A5C-44D2-AE8E-7B0BE731315B}.Debug|Any CPU.ActiveCfg = Debug|Any CPU
		{E5AE552D-6A5C-44D2-AE8E-7B0BE731315B}.Debug|Any CPU.Build.0 = Debug|Any CPU
		{E5AE552D-6A5C-44D2-AE8E-7B0BE731315B}.Release|Any CPU.ActiveCfg = Release|Any CPU
		{E5AE552D-6A5C-44D2-AE8E-7B0BE731315B}.Release|Any CPU.Build.0 = Release|Any CPU
		{3F5EEFE9-9613-4907-B0A3-5FDA05907DE1}.Debug|Any CPU.ActiveCfg = Debug|Any CPU
		{3F5EEFE9-9613-4907-B0A3-5FDA05907DE1}.Debug|Any CPU.Build.0 = Debug|Any CPU
		{3F5EEFE9-9613-4907-B0A3-5FDA05907DE1}.Release|Any CPU.ActiveCfg = Release|Any CPU
		{3F5EEFE9-9613-4907-B0A3-5FDA05907DE1}.Release|Any CPU.Build.0 = Release|Any CPU
		{5327FDCF-04DC-4469-AB14-49A0D8633F41}.Debug|Any CPU.ActiveCfg = Debug|Any CPU
		{5327FDCF-04DC-4469-AB14-49A0D8633F41}.Debug|Any CPU.Build.0 = Debug|Any CPU
		{5327FDCF-04DC-4469-AB14-49A0D8633F41}.Release|Any CPU.ActiveCfg = Release|Any CPU
		{5327FDCF-04DC-4469-AB14-49A0D8633F41}.Release|Any CPU.Build.0 = Release|Any CPU
		{E18F74DE-AE2B-451D-8FF6-B93876D8AABB}.Debug|Any CPU.ActiveCfg = Debug|Any CPU
		{E18F74DE-AE2B-451D-8FF6-B93876D8AABB}.Debug|Any CPU.Build.0 = Debug|Any CPU
		{E18F74DE-AE2B-451D-8FF6-B93876D8AABB}.Release|Any CPU.ActiveCfg = Release|Any CPU
		{E18F74DE-AE2B-451D-8FF6-B93876D8AABB}.Release|Any CPU.Build.0 = Release|Any CPU
		{BB6C6E27-6E97-4F52-B113-4C8A88BF7E74}.Debug|Any CPU.ActiveCfg = Debug|Any CPU
		{BB6C6E27-6E97-4F52-B113-4C8A88BF7E74}.Debug|Any CPU.Build.0 = Debug|Any CPU
		{BB6C6E27-6E97-4F52-B113-4C8A88BF7E74}.Release|Any CPU.ActiveCfg = Release|Any CPU
		{BB6C6E27-6E97-4F52-B113-4C8A88BF7E74}.Release|Any CPU.Build.0 = Release|Any CPU
		{DFF36EE6-7EC1-4E73-B791-05E935A25EFB}.Debug|Any CPU.ActiveCfg = Debug|Any CPU
		{DFF36EE6-7EC1-4E73-B791-05E935A25EFB}.Debug|Any CPU.Build.0 = Debug|Any CPU
		{DFF36EE6-7EC1-4E73-B791-05E935A25EFB}.Release|Any CPU.ActiveCfg = Release|Any CPU
		{DFF36EE6-7EC1-4E73-B791-05E935A25EFB}.Release|Any CPU.Build.0 = Release|Any CPU
		{AB89E986-3925-4782-B81D-A272F6B6B2EA}.Debug|Any CPU.ActiveCfg = Debug|Any CPU
		{AB89E986-3925-4782-B81D-A272F6B6B2EA}.Debug|Any CPU.Build.0 = Debug|Any CPU
		{AB89E986-3925-4782-B81D-A272F6B6B2EA}.Release|Any CPU.ActiveCfg = Release|Any CPU
		{AB89E986-3925-4782-B81D-A272F6B6B2EA}.Release|Any CPU.Build.0 = Release|Any CPU
		{893A140F-D071-4C6E-9443-E7FB778FC6ED}.Debug|Any CPU.ActiveCfg = Debug|Any CPU
		{893A140F-D071-4C6E-9443-E7FB778FC6ED}.Debug|Any CPU.Build.0 = Debug|Any CPU
		{893A140F-D071-4C6E-9443-E7FB778FC6ED}.Release|Any CPU.ActiveCfg = Release|Any CPU
		{893A140F-D071-4C6E-9443-E7FB778FC6ED}.Release|Any CPU.Build.0 = Release|Any CPU
		{A213F70D-DD46-4AF2-AAD1-3FCD19A17BC6}.Debug|Any CPU.ActiveCfg = Debug|Any CPU
		{A213F70D-DD46-4AF2-AAD1-3FCD19A17BC6}.Debug|Any CPU.Build.0 = Debug|Any CPU
		{A213F70D-DD46-4AF2-AAD1-3FCD19A17BC6}.Release|Any CPU.ActiveCfg = Release|Any CPU
		{A213F70D-DD46-4AF2-AAD1-3FCD19A17BC6}.Release|Any CPU.Build.0 = Release|Any CPU
	EndGlobalSection
	GlobalSection(NestedProjects) = preSolution
		{A123F358-AE35-4937-9B32-D134C8E83E4C} = {01BD9300-D7E9-4002-A03F-65C5D5A64C9F}
		{41DCA269-2C19-45AE-9959-F9A8CCCA815E} = {01BD9300-D7E9-4002-A03F-65C5D5A64C9F}
		{03AFF348-3973-4E34-8F2C-D8B751D3B6C6} = {01BD9300-D7E9-4002-A03F-65C5D5A64C9F}
		{E5AE552D-6A5C-44D2-AE8E-7B0BE731315B} = {180E089A-BCBC-407F-8043-4453D54490F1}
		{3F5EEFE9-9613-4907-B0A3-5FDA05907DE1} = {180E089A-BCBC-407F-8043-4453D54490F1}
		{0D39187F-AA66-491C-AF82-295D9AD4F790} = {180E089A-BCBC-407F-8043-4453D54490F1}
		{5327FDCF-04DC-4469-AB14-49A0D8633F41} = {0D39187F-AA66-491C-AF82-295D9AD4F790}
		{2E0BB830-6744-40C2-B69C-2A95FE060AE6} = {180E089A-BCBC-407F-8043-4453D54490F1}
		{E18F74DE-AE2B-451D-8FF6-B93876D8AABB} = {2E0BB830-6744-40C2-B69C-2A95FE060AE6}
		{BB6C6E27-6E97-4F52-B113-4C8A88BF7E74} = {2E0BB830-6744-40C2-B69C-2A95FE060AE6}
		{DFF36EE6-7EC1-4E73-B791-05E935A25EFB} = {2E0BB830-6744-40C2-B69C-2A95FE060AE6}
		{AB89E986-3925-4782-B81D-A272F6B6B2EA} = {2E0BB830-6744-40C2-B69C-2A95FE060AE6}
		{893A140F-D071-4C6E-9443-E7FB778FC6ED} = {2E0BB830-6744-40C2-B69C-2A95FE060AE6}
		{A213F70D-DD46-4AF2-AAD1-3FCD19A17BC6} = {2E0BB830-6744-40C2-B69C-2A95FE060AE6}
	EndGlobalSection
EndGlobal
