
Microsoft Visual Studio Solution File, Format Version 12.00
# Visual Studio Version 17
VisualStudioVersion = 17.0.31903.59
MinimumVisualStudioVersion = 10.0.40219.1
Project("{2150E333-8FDC-42A3-9474-1A3956D46DE8}") = "src", "src", "{01BD9300-D7E9-4002-A03F-65C5D5A64C9F}"
EndProject
Project("{FAE04EC0-301F-11D3-BF4B-00C04F79EFBC}") = "Softoverse.CqrsKit", "src\Softoverse.CqrsKit\Softoverse.CqrsKit.csproj", "{A123F358-AE35-4937-9B32-D134C8E83E4C}"
EndProject
Project("{FAE04EC0-301F-11D3-BF4B-00C04F79EFBC}") = "Softoverse.CqrsKit.Abstraction", "src\Softoverse.CqrsKit.Abstraction\Softoverse.CqrsKit.Abstraction.csproj", "{41DCA269-2C19-45AE-9959-F9A8CCCA815E}"
EndProject
Project("{FAE04EC0-301F-11D3-BF4B-00C04F79EFBC}") = "Softoverse.CqrsKit.Model", "src\Softoverse.CqrsKit.Model\Softoverse.CqrsKit.Model.csproj", "{03AFF348-3973-4E34-8F2C-D8B751D3B6C6}"
EndProject
Project("{2150E333-8FDC-42A3-9474-1A3956D46DE8}") = "tests", "tests", "{180E089A-BCBC-407F-8043-4453D54490F1}"
EndProject
Project("{FAE04EC0-301F-11D3-BF4B-00C04F79EFBC}") = "Softoverse.CqrsKit.TestConsole", "tests\Softoverse.CqrsKit.TestConsole\Softoverse.CqrsKit.TestConsole.csproj", "{E5AE552D-6A5C-44D2-AE8E-7B0BE731315B}"
EndProject
Project("{FAE04EC0-301F-11D3-BF4B-00C04F79EFBC}") = "Softoverse.CqrsKit.WebApi", "tests\Softoverse.CqrsKit.WebApi\Softoverse.CqrsKit.WebApi.csproj", "{3F5EEFE9-9613-4907-B0A3-5FDA05907DE1}"
EndProject
Project("{2150E333-8FDC-42A3-9474-1A3956D46DE8}") = "Solution Items", "Solution Items", "{E16DA8A1-981B-410B-96EC-504BBAED5821}"
	ProjectSection(SolutionItems) = preProject
		.editorconfig = .editorconfig
		.gitattributes = .gitattributes
		.gitignore = .gitignore
		README.md = README.md
	EndProjectSection
EndProject
Global
	GlobalSection(SolutionConfigurationPlatforms) = preSolution
		Debug|Any CPU = Debug|Any CPU
		Release|Any CPU = Release|Any CPU
	EndGlobalSection
	GlobalSection(SolutionProperties) = preSolution
		HideSolutionNode = FALSE
	EndGlobalSection
	GlobalSection(ProjectConfigurationPlatforms) = postSolution
		{A123F358-AE35-4937-9B32-D134C8E83E4C}.Debug|Any CPU.ActiveCfg = Debug|Any CPU
		{A123F358-AE35-4937-9B32-D134C8E83E4C}.Debug|Any CPU.Build.0 = Debug|Any CPU
		{A123F358-AE35-4937-9B32-D134C8E83E4C}.Release|Any CPU.ActiveCfg = Release|Any CPU
		{A123F358-AE35-4937-9B32-D134C8E83E4C}.Release|Any CPU.Build.0 = Release|Any CPU
		{41DCA269-2C19-45AE-9959-F9A8CCCA815E}.Debug|Any CPU.ActiveCfg = Debug|Any CPU
		{41DCA269-2C19-45AE-9959-F9A8CCCA815E}.Debug|Any CPU.Build.0 = Debug|Any CPU
		{41DCA269-2C19-45AE-9959-F9A8CCCA815E}.Release|Any CPU.ActiveCfg = Release|Any CPU
		{41DCA269-2C19-45AE-9959-F9A8CCCA815E}.Release|Any CPU.Build.0 = Release|Any CPU
		{03AFF348-3973-4E34-8F2C-D8B751D3B6C6}.Debug|Any CPU.ActiveCfg = Debug|Any CPU
		{03AFF348-3973-4E34-8F2C-D8B751D3B6C6}.Debug|Any CPU.Build.0 = Debug|Any CPU
		{03AFF348-3973-4E34-8F2C-D8B751D3B6C6}.Release|Any CPU.ActiveCfg = Release|Any CPU
		{03AFF348-3973-4E34-8F2C-D8B751D3B6C6}.Release|Any CPU.Build.0 = Release|Any CPU
		{E5AE552D-6A5C-44D2-AE8E-7B0BE731315B}.Debug|Any CPU.ActiveCfg = Debug|Any CPU
		{E5AE552D-6A5C-44D2-AE8E-7B0BE731315B}.Debug|Any CPU.Build.0 = Debug|Any CPU
		{E5AE552D-6A5C-44D2-AE8E-7B0BE731315B}.Release|Any CPU.ActiveCfg = Release|Any CPU
		{E5AE552D-6A5C-44D2-AE8E-7B0BE731315B}.Release|Any CPU.Build.0 = Release|Any CPU
		{3F5EEFE9-9613-4907-B0A3-5FDA05907DE1}.Debug|Any CPU.ActiveCfg = Debug|Any CPU
		{3F5EEFE9-9613-4907-B0A3-5FDA05907DE1}.Debug|Any CPU.Build.0 = Debug|Any CPU
		{3F5EEFE9-9613-4907-B0A3-5FDA05907DE1}.Release|Any CPU.ActiveCfg = Release|Any CPU
		{3F5EEFE9-9613-4907-B0A3-5FDA05907DE1}.Release|Any CPU.Build.0 = Release|Any CPU
	EndGlobalSection
	GlobalSection(NestedProjects) = preSolution
		{A123F358-AE35-4937-9B32-D134C8E83E4C} = {01BD9300-D7E9-4002-A03F-65C5D5A64C9F}
		{41DCA269-2C19-45AE-9959-F9A8CCCA815E} = {01BD9300-D7E9-4002-A03F-65C5D5A64C9F}
		{03AFF348-3973-4E34-8F2C-D8B751D3B6C6} = {01BD9300-D7E9-4002-A03F-65C5D5A64C9F}
		{E5AE552D-6A5C-44D2-AE8E-7B0BE731315B} = {180E089A-BCBC-407F-8043-4453D54490F1}
		{3F5EEFE9-9613-4907-B0A3-5FDA05907DE1} = {180E089A-BCBC-407F-8043-4453D54490F1}
	EndGlobalSection
EndGlobal
